
Microsoft Visual Studio Solution File, Format Version 12.00
# Visual Studio 14
VisualStudioVersion = 14.0.25420.1
MinimumVisualStudioVersion = 10.0.40219.1
Project("{FAE04EC0-301F-11D3-BF4B-00C04F79EFBC}") = "day11", "day11\day11.csproj", "{93653687-EDA8-4C3D-8E40-71D436B7AEFD}"
EndProject
Project("{FAE04EC0-301F-11D3-BF4B-00C04F79EFBC}") = "UnitTests", "UnitTests\UnitTests.csproj", "{F202C633-8275-4394-AB44-5691ED53F0AD}"
EndProject
Global
	GlobalSection(SolutionConfigurationPlatforms) = preSolution
		Debug|Any CPU = Debug|Any CPU
		Release|Any CPU = Release|Any CPU
	EndGlobalSection
	GlobalSection(ProjectConfigurationPlatforms) = postSolution
		{93653687-EDA8-4C3D-8E40-71D436B7AEFD}.Debug|Any CPU.ActiveCfg = Debug|Any CPU
		{93653687-EDA8-4C3D-8E40-71D436B7AEFD}.Debug|Any CPU.Build.0 = Debug|Any CPU
		{93653687-EDA8-4C3D-8E40-71D436B7AEFD}.Release|Any CPU.ActiveCfg = Release|Any CPU
		{93653687-EDA8-4C3D-8E40-71D436B7AEFD}.Release|Any CPU.Build.0 = Release|Any CPU
		{F202C633-8275-4394-AB44-5691ED53F0AD}.Debug|Any CPU.ActiveCfg = Debug|Any CPU
		{F202C633-8275-4394-AB44-5691ED53F0AD}.Debug|Any CPU.Build.0 = Debug|Any CPU
		{F202C633-8275-4394-AB44-5691ED53F0AD}.Release|Any CPU.ActiveCfg = Release|Any CPU
		{F202C633-8275-4394-AB44-5691ED53F0AD}.Release|Any CPU.Build.0 = Release|Any CPU
	EndGlobalSection
	GlobalSection(SolutionProperties) = preSolution
		HideSolutionNode = FALSE
	EndGlobalSection
EndGlobal
